// !$*UTF8*$!
{
	archiveVersion = 1;
	classes = {
	};
	objectVersion = 46;
	objects = {

/* Begin PBXBuildFile section */
		9F26256213A5C7B2000D1B03 /* UIKit.framework in Frameworks */ = {isa = PBXBuildFile; fileRef = 9F26256113A5C7B2000D1B03 /* UIKit.framework */; };
		9F26256413A5C7B2000D1B03 /* Foundation.framework in Frameworks */ = {isa = PBXBuildFile; fileRef = 9F26256313A5C7B2000D1B03 /* Foundation.framework */; };
		9F26256613A5C7B2000D1B03 /* CoreGraphics.framework in Frameworks */ = {isa = PBXBuildFile; fileRef = 9F26256513A5C7B2000D1B03 /* CoreGraphics.framework */; };
		9F26256C13A5C7B2000D1B03 /* InfoPlist.strings in Resources */ = {isa = PBXBuildFile; fileRef = 9F26256A13A5C7B2000D1B03 /* InfoPlist.strings */; };
		9F26256F13A5C7B2000D1B03 /* main.m in Sources */ = {isa = PBXBuildFile; fileRef = 9F26256E13A5C7B2000D1B03 /* main.m */; };
		9F26257213A5C7B2000D1B03 /* CalculatorAppDelegate.m in Sources */ = {isa = PBXBuildFile; fileRef = 9F26257113A5C7B2000D1B03 /* CalculatorAppDelegate.m */; };
		9F26257513A5C7B2000D1B03 /* MainWindow.xib in Resources */ = {isa = PBXBuildFile; fileRef = 9F26257313A5C7B2000D1B03 /* MainWindow.xib */; };
		9F26257813A5C7B2000D1B03 /* CalculatorViewController.m in Sources */ = {isa = PBXBuildFile; fileRef = 9F26257713A5C7B2000D1B03 /* CalculatorViewController.m */; };
		9F26257B13A5C7B2000D1B03 /* CalculatorViewController.xib in Resources */ = {isa = PBXBuildFile; fileRef = 9F26257913A5C7B2000D1B03 /* CalculatorViewController.xib */; };
/* End PBXBuildFile section */

/* Begin PBXFileReference section */
		9F26255D13A5C7B2000D1B03 /* Calculator.app */ = {isa = PBXFileReference; explicitFileType = wrapper.application; includeInIndex = 0; path = Calculator.app; sourceTree = BUILT_PRODUCTS_DIR; };
		9F26256113A5C7B2000D1B03 /* UIKit.framework */ = {isa = PBXFileReference; lastKnownFileType = wrapper.framework; name = UIKit.framework; path = System/Library/Frameworks/UIKit.framework; sourceTree = SDKROOT; };
		9F26256313A5C7B2000D1B03 /* Foundation.framework */ = {isa = PBXFileReference; lastKnownFileType = wrapper.framework; name = Foundation.framework; path = System/Library/Frameworks/Foundation.framework; sourceTree = SDKROOT; };
		9F26256513A5C7B2000D1B03 /* CoreGraphics.framework */ = {isa = PBXFileReference; lastKnownFileType = wrapper.framework; name = CoreGraphics.framework; path = System/Library/Frameworks/CoreGraphics.framework; sourceTree = SDKROOT; };
		9F26256913A5C7B2000D1B03 /* Calculator-Info.plist */ = {isa = PBXFileReference; lastKnownFileType = text.plist.xml; path = "Calculator-Info.plist"; sourceTree = "<group>"; };
		9F26256B13A5C7B2000D1B03 /* en */ = {isa = PBXFileReference; lastKnownFileType = text.plist.strings; name = en; path = en.lproj/InfoPlist.strings; sourceTree = "<group>"; };
		9F26256D13A5C7B2000D1B03 /* Calculator-Prefix.pch */ = {isa = PBXFileReference; lastKnownFileType = sourcecode.c.h; path = "Calculator-Prefix.pch"; sourceTree = "<group>"; };
		9F26256E13A5C7B2000D1B03 /* main.m */ = {isa = PBXFileReference; lastKnownFileType = sourcecode.c.objc; path = main.m; sourceTree = "<group>"; };
		9F26257013A5C7B2000D1B03 /* CalculatorAppDelegate.h */ = {isa = PBXFileReference; lastKnownFileType = sourcecode.c.h; path = CalculatorAppDelegate.h; sourceTree = "<group>"; };
		9F26257113A5C7B2000D1B03 /* CalculatorAppDelegate.m */ = {isa = PBXFileReference; lastKnownFileType = sourcecode.c.objc; path = CalculatorAppDelegate.m; sourceTree = "<group>"; };
		9F26257413A5C7B2000D1B03 /* en */ = {isa = PBXFileReference; lastKnownFileType = file.xib; name = en; path = en.lproj/MainWindow.xib; sourceTree = "<group>"; };
		9F26257613A5C7B2000D1B03 /* CalculatorViewController.h */ = {isa = PBXFileReference; lastKnownFileType = sourcecode.c.h; path = CalculatorViewController.h; sourceTree = "<group>"; };
		9F26257713A5C7B2000D1B03 /* CalculatorViewController.m */ = {isa = PBXFileReference; lastKnownFileType = sourcecode.c.objc; path = CalculatorViewController.m; sourceTree = "<group>"; };
		9F26257A13A5C7B2000D1B03 /* en */ = {isa = PBXFileReference; lastKnownFileType = file.xib; name = en; path = en.lproj/CalculatorViewController.xib; sourceTree = "<group>"; };
/* End PBXFileReference section */

/* Begin PBXFrameworksBuildPhase section */
		9F26255A13A5C7B2000D1B03 /* Frameworks */ = {
			isa = PBXFrameworksBuildPhase;
			buildActionMask = 2147483647;
			files = (
				9F26256213A5C7B2000D1B03 /* UIKit.framework in Frameworks */,
				9F26256413A5C7B2000D1B03 /* Foundation.framework in Frameworks */,
				9F26256613A5C7B2000D1B03 /* CoreGraphics.framework in Frameworks */,
			);
			runOnlyForDeploymentPostprocessing = 0;
		};
/* End PBXFrameworksBuildPhase section */

/* Begin PBXGroup section */
		9F26255213A5C7B2000D1B03 = {
			isa = PBXGroup;
			children = (
				9F26256713A5C7B2000D1B03 /* Calculator */,
				9F26256013A5C7B2000D1B03 /* Frameworks */,
				9F26255E13A5C7B2000D1B03 /* Products */,
			);
			sourceTree = "<group>";
		};
		9F26255E13A5C7B2000D1B03 /* Products */ = {
			isa = PBXGroup;
			children = (
				9F26255D13A5C7B2000D1B03 /* Calculator.app */,
			);
			name = Products;
			sourceTree = "<group>";
		};
		9F26256013A5C7B2000D1B03 /* Frameworks */ = {
			isa = PBXGroup;
			children = (
				9F26256113A5C7B2000D1B03 /* UIKit.framework */,
				9F26256313A5C7B2000D1B03 /* Foundation.framework */,
				9F26256513A5C7B2000D1B03 /* CoreGraphics.framework */,
			);
			name = Frameworks;
			sourceTree = "<group>";
		};
		9F26256713A5C7B2000D1B03 /* Calculator */ = {
			isa = PBXGroup;
			children = (
				9F26257013A5C7B2000D1B03 /* CalculatorAppDelegate.h */,
				9F26257113A5C7B2000D1B03 /* CalculatorAppDelegate.m */,
				9F26257313A5C7B2000D1B03 /* MainWindow.xib */,
				9F26257613A5C7B2000D1B03 /* CalculatorViewController.h */,
				9F26257713A5C7B2000D1B03 /* CalculatorViewController.m */,
				9F26257913A5C7B2000D1B03 /* CalculatorViewController.xib */,
				9F26256813A5C7B2000D1B03 /* Supporting Files */,
			);
			path = Calculator;
			sourceTree = "<group>";
		};
		9F26256813A5C7B2000D1B03 /* Supporting Files */ = {
			isa = PBXGroup;
			children = (
				9F26256913A5C7B2000D1B03 /* Calculator-Info.plist */,
				9F26256A13A5C7B2000D1B03 /* InfoPlist.strings */,
				9F26256D13A5C7B2000D1B03 /* Calculator-Prefix.pch */,
				9F26256E13A5C7B2000D1B03 /* main.m */,
			);
			name = "Supporting Files";
			sourceTree = "<group>";
		};
/* End PBXGroup section */

/* Begin PBXNativeTarget section */
		9F26255C13A5C7B2000D1B03 /* Calculator */ = {
			isa = PBXNativeTarget;
			buildConfigurationList = 9F26257E13A5C7B2000D1B03 /* Build configuration list for PBXNativeTarget "Calculator" */;
			buildPhases = (
				9F26255913A5C7B2000D1B03 /* Sources */,
				9F26255A13A5C7B2000D1B03 /* Frameworks */,
				9F26255B13A5C7B2000D1B03 /* Resources */,
			);
			buildRules = (
			);
			dependencies = (
			);
			name = Calculator;
			productName = Calculator;
			productReference = 9F26255D13A5C7B2000D1B03 /* Calculator.app */;
			productType = "com.apple.product-type.application";
		};
/* End PBXNativeTarget section */

/* Begin PBXProject section */
		9F26255413A5C7B2000D1B03 /* Project object */ = {
			isa = PBXProject;
			attributes = {
				ORGANIZATIONNAME = "Software Machine Development";
			};
			buildConfigurationList = 9F26255713A5C7B2000D1B03 /* Build configuration list for PBXProject "Calculator" */;
			compatibilityVersion = "Xcode 3.2";
			developmentRegion = English;
			hasScannedForEncodings = 0;
			knownRegions = (
				en,
			);
			mainGroup = 9F26255213A5C7B2000D1B03;
			productRefGroup = 9F26255E13A5C7B2000D1B03 /* Products */;
			projectDirPath = "";
			projectRoot = "";
			targets = (
				9F26255C13A5C7B2000D1B03 /* Calculator */,
			);
		};
/* End PBXProject section */

/* Begin PBXResourcesBuildPhase section */
		9F26255B13A5C7B2000D1B03 /* Resources */ = {
			isa = PBXResourcesBuildPhase;
			buildActionMask = 2147483647;
			files = (
				9F26256C13A5C7B2000D1B03 /* InfoPlist.strings in Resources */,
				9F26257513A5C7B2000D1B03 /* MainWindow.xib in Resources */,
				9F26257B13A5C7B2000D1B03 /* CalculatorViewController.xib in Resources */,
			);
			runOnlyForDeploymentPostprocessing = 0;
		};
/* End PBXResourcesBuildPhase section */

/* Begin PBXSourcesBuildPhase section */
		9F26255913A5C7B2000D1B03 /* Sources */ = {
			isa = PBXSourcesBuildPhase;
			buildActionMask = 2147483647;
			files = (
				9F26256F13A5C7B2000D1B03 /* main.m in Sources */,
				9F26257213A5C7B2000D1B03 /* CalculatorAppDelegate.m in Sources */,
				9F26257813A5C7B2000D1B03 /* CalculatorViewController.m in Sources */,
			);
			runOnlyForDeploymentPostprocessing = 0;
		};
/* End PBXSourcesBuildPhase section */

/* Begin PBXVariantGroup section */
		9F26256A13A5C7B2000D1B03 /* InfoPlist.strings */ = {
			isa = PBXVariantGroup;
			children = (
				9F26256B13A5C7B2000D1B03 /* en */,
			);
			name = InfoPlist.strings;
			sourceTree = "<group>";
		};
		9F26257313A5C7B2000D1B03 /* MainWindow.xib */ = {
			isa = PBXVariantGroup;
			children = (
				9F26257413A5C7B2000D1B03 /* en */,
			);
			name = MainWindow.xib;
			sourceTree = "<group>";
		};
		9F26257913A5C7B2000D1B03 /* CalculatorViewController.xib */ = {
			isa = PBXVariantGroup;
			children = (
				9F26257A13A5C7B2000D1B03 /* en */,
			);
			name = CalculatorViewController.xib;
			sourceTree = "<group>";
		};
/* End PBXVariantGroup section */

/* Begin XCBuildConfiguration section */
		9F26257C13A5C7B2000D1B03 /* Debug */ = {
			isa = XCBuildConfiguration;
			buildSettings = {
				ARCHS = "$(ARCHS_STANDARD_32_BIT)";
				"CODE_SIGN_IDENTITY[sdk=iphoneos*]" = "iPhone Developer";
				GCC_C_LANGUAGE_STANDARD = gnu99;
				GCC_OPTIMIZATION_LEVEL = 0;
				GCC_PREPROCESSOR_DEFINITIONS = DEBUG;
				GCC_SYMBOLS_PRIVATE_EXTERN = NO;
				GCC_VERSION = com.apple.compilers.llvmgcc42;
				GCC_WARN_ABOUT_RETURN_TYPE = YES;
				GCC_WARN_UNUSED_VARIABLE = YES;
				IPHONEOS_DEPLOYMENT_TARGET = 4.3;
				SDKROOT = iphoneos;
			};
			name = Debug;
		};
		9F26257D13A5C7B2000D1B03 /* Release */ = {
			isa = XCBuildConfiguration;
			buildSettings = {
				ARCHS = "$(ARCHS_STANDARD_32_BIT)";
				"CODE_SIGN_IDENTITY[sdk=iphoneos*]" = "iPhone Developer";
				GCC_C_LANGUAGE_STANDARD = gnu99;
				GCC_VERSION = com.apple.compilers.llvmgcc42;
				GCC_WARN_ABOUT_RETURN_TYPE = YES;
				GCC_WARN_UNUSED_VARIABLE = YES;
				IPHONEOS_DEPLOYMENT_TARGET = 4.3;
				OTHER_CFLAGS = "-DNS_BLOCK_ASSERTIONS=1";
				SDKROOT = iphoneos;
			};
			name = Release;
		};
		9F26257F13A5C7B2000D1B03 /* Debug */ = {
			isa = XCBuildConfiguration;
			buildSettings = {
				ALWAYS_SEARCH_USER_PATHS = NO;
				COPY_PHASE_STRIP = NO;
				GCC_DYNAMIC_NO_PIC = NO;
				GCC_PRECOMPILE_PREFIX_HEADER = YES;
				GCC_PREFIX_HEADER = "Calculator/Calculator-Prefix.pch";
				INFOPLIST_FILE = "Calculator/Calculator-Info.plist";
				PRODUCT_NAME = "$(TARGET_NAME)";
				WRAPPER_EXTENSION = app;
			};
			name = Debug;
		};
		9F26258013A5C7B2000D1B03 /* Release */ = {
			isa = XCBuildConfiguration;
			buildSettings = {
				ALWAYS_SEARCH_USER_PATHS = NO;
				COPY_PHASE_STRIP = YES;
				GCC_PRECOMPILE_PREFIX_HEADER = YES;
				GCC_PREFIX_HEADER = "Calculator/Calculator-Prefix.pch";
				INFOPLIST_FILE = "Calculator/Calculator-Info.plist";
				PRODUCT_NAME = "$(TARGET_NAME)";
				VALIDATE_PRODUCT = YES;
				WRAPPER_EXTENSION = app;
			};
			name = Release;
		};
/* End XCBuildConfiguration section */

/* Begin XCConfigurationList section */
		9F26255713A5C7B2000D1B03 /* Build configuration list for PBXProject "Calculator" */ = {
			isa = XCConfigurationList;
			buildConfigurations = (
				9F26257C13A5C7B2000D1B03 /* Debug */,
				9F26257D13A5C7B2000D1B03 /* Release */,
			);
			defaultConfigurationIsVisible = 0;
			defaultConfigurationName = Release;
		};
		9F26257E13A5C7B2000D1B03 /* Build configuration list for PBXNativeTarget "Calculator" */ = {
			isa = XCConfigurationList;
			buildConfigurations = (
				9F26257F13A5C7B2000D1B03 /* Debug */,
				9F26258013A5C7B2000D1B03 /* Release */,
			);
			defaultConfigurationIsVisible = 0;
		};
/* End XCConfigurationList section */
	};
	rootObject = 9F26255413A5C7B2000D1B03 /* Project object */;
}
